<?xml version="1.0" encoding="utf-8"?>
<Project ToolsVersion="4.0" xmlns="http://schemas.microsoft.com/developer/msbuild/2003">
  <ItemGroup>
    <Filter Include="Source files">
      <UniqueIdentifier>{e8a1b708-957b-4690-87a8-e13e16f37aa3}</UniqueIdentifier>
      <Extensions>cpp;c;cc;cxx;def;odl;idl;hpj;bat;asm;asmx</Extensions>
    </Filter>
    <Filter Include="Header files">
      <UniqueIdentifier>{47ead263-c191-427f-b7f2-3e2139d86b2c}</UniqueIdentifier>
      <Extensions>h;hpp;hxx;hm;inl;inc;xsd</Extensions>
    </Filter>
    <Filter Include="Resource files">
      <UniqueIdentifier>{87bd498b-21f6-435a-bf05-b56e5c8a2070}</UniqueIdentifier>
      <Extensions>rc;ico;cur;bmp;dlg;rc2;rct;bin;rgs;gif;jpg;jpeg;jpe;resx;tiff;tif;png;wav</Extensions>
    </Filter>
    <Filter Include="Source files\Device-specific files">
      <UniqueIdentifier>{9d2d4eb8-33dd-4134-b4d7-cc155dafde00}</UniqueIdentifier>
    </Filter>
    <Filter Include="Source files\Device-specific files\LL">
      <UniqueIdentifier>{8afc6c77-547c-467b-88d4-3d87635a51db}</UniqueIdentifier>
    </Filter>
    <Filter Include="Header files\Device-specific files">
      <UniqueIdentifier>{37555be6-8b50-4ddd-a2f7-6dd2cfd4439a}</UniqueIdentifier>
    </Filter>
    <Filter Include="Header files\Device-specific files\LL">
      <UniqueIdentifier>{bc117368-3351-40a4-b6be-fb075ce4f208}</UniqueIdentifier>
    </Filter>
    <Filter Include="VisualGDB settings">
      <UniqueIdentifier>{6e14fc5d-93d0-4f1d-a222-0f1b18d72a8c}</UniqueIdentifier>
    </Filter>
  </ItemGroup>
  <ItemGroup>
    <ClCompile Include="STM32F1_FAT_FS.c">
      <Filter>Source files</Filter>
    </ClCompile>
    <ClCompile Include="system_stm32f1xx.c">
      <Filter>Source files</Filter>
    </ClCompile>
    <None Include="stm32.props">
      <Filter>Source files\Device-specific files</Filter>
    </None>
    <ClCompile Include="$(BSP_ROOT)\STM32F1xxxx\StartupFiles\startup_stm32f103xb.c">
      <Filter>Source files\Device-specific files</Filter>
    </ClCompile>
    <ClCompile Include="$(BSP_ROOT)\STM32F1xxxx\STM32F1xx_HAL_Driver\Src\stm32f1xx_ll_adc.c">
      <Filter>Source files\Device-specific files\LL</Filter>
    </ClCompile>
    <ClCompile Include="$(BSP_ROOT)\STM32F1xxxx\STM32F1xx_HAL_Driver\Src\stm32f1xx_ll_crc.c">
      <Filter>Source files\Device-specific files\LL</Filter>
    </ClCompile>
    <ClCompile Include="$(BSP_ROOT)\STM32F1xxxx\STM32F1xx_HAL_Driver\Src\stm32f1xx_ll_dac.c">
      <Filter>Source files\Device-specific files\LL</Filter>
    </ClCompile>
    <ClCompile Include="$(BSP_ROOT)\STM32F1xxxx\STM32F1xx_HAL_Driver\Src\stm32f1xx_ll_dma.c">
      <Filter>Source files\Device-specific files\LL</Filter>
    </ClCompile>
    <ClCompile Include="$(BSP_ROOT)\STM32F1xxxx\STM32F1xx_HAL_Driver\Src\stm32f1xx_ll_exti.c">
      <Filter>Source files\Device-specific files\LL</Filter>
    </ClCompile>
    <ClCompile Include="$(BSP_ROOT)\STM32F1xxxx\STM32F1xx_HAL_Driver\Src\stm32f1xx_ll_fsmc.c">
      <Filter>Source files\Device-specific files\LL</Filter>
    </ClCompile>
    <ClCompile Include="$(BSP_ROOT)\STM32F1xxxx\STM32F1xx_HAL_Driver\Src\stm32f1xx_ll_gpio.c">
      <Filter>Source files\Device-specific files\LL</Filter>
    </ClCompile>
    <ClCompile Include="$(BSP_ROOT)\STM32F1xxxx\STM32F1xx_HAL_Driver\Src\stm32f1xx_ll_i2c.c">
      <Filter>Source files\Device-specific files\LL</Filter>
    </ClCompile>
    <ClCompile Include="$(BSP_ROOT)\STM32F1xxxx\STM32F1xx_HAL_Driver\Src\stm32f1xx_ll_pwr.c">
      <Filter>Source files\Device-specific files\LL</Filter>
    </ClCompile>
    <ClCompile Include="$(BSP_ROOT)\STM32F1xxxx\STM32F1xx_HAL_Driver\Src\stm32f1xx_ll_rcc.c">
      <Filter>Source files\Device-specific files\LL</Filter>
    </ClCompile>
    <ClCompile Include="$(BSP_ROOT)\STM32F1xxxx\STM32F1xx_HAL_Driver\Src\stm32f1xx_ll_rtc.c">
      <Filter>Source files\Device-specific files\LL</Filter>
    </ClCompile>
    <ClCompile Include="$(BSP_ROOT)\STM32F1xxxx\STM32F1xx_HAL_Driver\Src\stm32f1xx_ll_sdmmc.c">
      <Filter>Source files\Device-specific files\LL</Filter>
    </ClCompile>
    <ClCompile Include="$(BSP_ROOT)\STM32F1xxxx\STM32F1xx_HAL_Driver\Src\stm32f1xx_ll_spi.c">
      <Filter>Source files\Device-specific files\LL</Filter>
    </ClCompile>
    <ClCompile Include="$(BSP_ROOT)\STM32F1xxxx\STM32F1xx_HAL_Driver\Src\stm32f1xx_ll_tim.c">
      <Filter>Source files\Device-specific files\LL</Filter>
    </ClCompile>
    <ClCompile Include="$(BSP_ROOT)\STM32F1xxxx\STM32F1xx_HAL_Driver\Src\stm32f1xx_ll_usart.c">
      <Filter>Source files\Device-specific files\LL</Filter>
    </ClCompile>
    <ClCompile Include="$(BSP_ROOT)\STM32F1xxxx\STM32F1xx_HAL_Driver\Src\stm32f1xx_ll_utils.c">
      <Filter>Source files\Device-specific files\LL</Filter>
    </ClCompile>
    <ClInclude Include="stm32f1xx_hal_conf.h">
      <Filter>Header files</Filter>
    </ClInclude>
    <ClInclude Include="$(BSP_ROOT)\STM32F1xxxx\STM32F1xx_HAL_Driver\Inc\stm32f1xx_ll_adc.h">
      <Filter>Header files\Device-specific files\LL</Filter>
    </ClInclude>
    <ClInclude Include="$(BSP_ROOT)\STM32F1xxxx\STM32F1xx_HAL_Driver\Inc\stm32f1xx_ll_bus.h">
      <Filter>Header files\Device-specific files\LL</Filter>
    </ClInclude>
    <ClInclude Include="$(BSP_ROOT)\STM32F1xxxx\STM32F1xx_HAL_Driver\Inc\stm32f1xx_ll_cortex.h">
      <Filter>Header files\Device-specific files\LL</Filter>
    </ClInclude>
    <ClInclude Include="$(BSP_ROOT)\STM32F1xxxx\STM32F1xx_HAL_Driver\Inc\stm32f1xx_ll_crc.h">
      <Filter>Header files\Device-specific files\LL</Filter>
    </ClInclude>
    <ClInclude Include="$(BSP_ROOT)\STM32F1xxxx\STM32F1xx_HAL_Driver\Inc\stm32f1xx_ll_dac.h">
      <Filter>Header files\Device-specific files\LL</Filter>
    </ClInclude>
    <ClInclude Include="$(BSP_ROOT)\STM32F1xxxx\STM32F1xx_HAL_Driver\Inc\stm32f1xx_ll_dma.h">
      <Filter>Header files\Device-specific files\LL</Filter>
    </ClInclude>
    <ClInclude Include="$(BSP_ROOT)\STM32F1xxxx\STM32F1xx_HAL_Driver\Inc\stm32f1xx_ll_exti.h">
      <Filter>Header files\Device-specific files\LL</Filter>
    </ClInclude>
    <ClInclude Include="$(BSP_ROOT)\STM32F1xxxx\STM32F1xx_HAL_Driver\Inc\stm32f1xx_ll_fsmc.h">
      <Filter>Header files\Device-specific files\LL</Filter>
    </ClInclude>
    <ClInclude Include="$(BSP_ROOT)\STM32F1xxxx\STM32F1xx_HAL_Driver\Inc\stm32f1xx_ll_gpio.h">
      <Filter>Header files\Device-specific files\LL</Filter>
    </ClInclude>
    <ClInclude Include="$(BSP_ROOT)\STM32F1xxxx\STM32F1xx_HAL_Driver\Inc\stm32f1xx_ll_i2c.h">
      <Filter>Header files\Device-specific files\LL</Filter>
    </ClInclude>
    <ClInclude Include="$(BSP_ROOT)\STM32F1xxxx\STM32F1xx_HAL_Driver\Inc\stm32f1xx_ll_iwdg.h">
      <Filter>Header files\Device-specific files\LL</Filter>
    </ClInclude>
    <ClInclude Include="$(BSP_ROOT)\STM32F1xxxx\STM32F1xx_HAL_Driver\Inc\stm32f1xx_ll_pwr.h">
      <Filter>Header files\Device-specific files\LL</Filter>
    </ClInclude>
    <ClInclude Include="$(BSP_ROOT)\STM32F1xxxx\STM32F1xx_HAL_Driver\Inc\stm32f1xx_ll_rcc.h">
      <Filter>Header files\Device-specific files\LL</Filter>
    </ClInclude>
    <ClInclude Include="$(BSP_ROOT)\STM32F1xxxx\STM32F1xx_HAL_Driver\Inc\stm32f1xx_ll_rtc.h">
      <Filter>Header files\Device-specific files\LL</Filter>
    </ClInclude>
    <ClInclude Include="$(BSP_ROOT)\STM32F1xxxx\STM32F1xx_HAL_Driver\Inc\stm32f1xx_ll_sdmmc.h">
      <Filter>Header files\Device-specific files\LL</Filter>
    </ClInclude>
    <ClInclude Include="$(BSP_ROOT)\STM32F1xxxx\STM32F1xx_HAL_Driver\Inc\stm32f1xx_ll_spi.h">
      <Filter>Header files\Device-specific files\LL</Filter>
    </ClInclude>
    <ClInclude Include="$(BSP_ROOT)\STM32F1xxxx\STM32F1xx_HAL_Driver\Inc\stm32f1xx_ll_system.h">
      <Filter>Header files\Device-specific files\LL</Filter>
    </ClInclude>
    <ClInclude Include="$(BSP_ROOT)\STM32F1xxxx\STM32F1xx_HAL_Driver\Inc\stm32f1xx_ll_tim.h">
      <Filter>Header files\Device-specific files\LL</Filter>
    </ClInclude>
    <ClInclude Include="$(BSP_ROOT)\STM32F1xxxx\STM32F1xx_HAL_Driver\Inc\stm32f1xx_ll_usart.h">
      <Filter>Header files\Device-specific files\LL</Filter>
    </ClInclude>
    <ClInclude Include="$(BSP_ROOT)\STM32F1xxxx\STM32F1xx_HAL_Driver\Inc\stm32f1xx_ll_utils.h">
      <Filter>Header files\Device-specific files\LL</Filter>
    </ClInclude>
    <ClInclude Include="$(BSP_ROOT)\STM32F1xxxx\STM32F1xx_HAL_Driver\Inc\stm32f1xx_ll_wwdg.h">
      <Filter>Header files\Device-specific files\LL</Filter>
    </ClInclude>
    <None Include="STM32F1_FAT_FS-Debug.vgdbsettings">
      <Filter>VisualGDB settings</Filter>
    </None>
    <None Include="STM32F1_FAT_FS-Release.vgdbsettings">
      <Filter>VisualGDB settings</Filter>
    </None>
    <None Include="stm32.xml">
      <Filter>VisualGDB settings</Filter>
    </None>
    <ClCompile Include="ff.c">
      <Filter>Source files</Filter>
    </ClCompile>
    <ClCompile Include="ffsystem.c">
      <Filter>Source files</Filter>
    </ClCompile>
    <ClCompile Include="ffunicode.c">
      <Filter>Source files</Filter>
    </ClCompile>
    <ClCompile Include="mmc_stm32f1_spi.c">
      <Filter>Source files</Filter>
    </ClCompile>
    <ClCompile Include="xprintf.c">
      <Filter>Source files</Filter>
    </ClCompile>
  </ItemGroup>
  <ItemGroup>
    <ClInclude Include="diskio.h">
      <Filter>Header files</Filter>
    </ClInclude>
    <ClInclude Include="ff.h">
      <Filter>Header files</Filter>
    </ClInclude>
    <ClInclude Include="ffconf.h">
      <Filter>Header files</Filter>
    </ClInclude>
    <ClInclude Include="xprintf.h">
      <Filter>Header files</Filter>
    </ClInclude>
  </ItemGroup>
</Project>